
Microsoft Visual Studio Solution File, Format Version 12.00
# Visual Studio Version 16
VisualStudioVersion = 16.0.809.8
MinimumVisualStudioVersion = 10.0.40219.1
Project("{FAE04EC0-301F-11D3-BF4B-00C04F79EFBC}") = "Inventory", "Inventory\Inventory.csproj", "{516B28A1-2138-411B-AE86-992A9DBBE960}"
EndProject
Global
	GlobalSection(SolutionConfigurationPlatforms) = preSolution
		Debug|Any CPU = Debug|Any CPU
		Release|Any CPU = Release|Any CPU
	EndGlobalSection
	GlobalSection(ProjectConfigurationPlatforms) = postSolution
		{516B28A1-2138-411B-AE86-992A9DBBE960}.Debug|Any CPU.ActiveCfg = Debug|Any CPU
		{516B28A1-2138-411B-AE86-992A9DBBE960}.Debug|Any CPU.Build.0 = Debug|Any CPU
		{516B28A1-2138-411B-AE86-992A9DBBE960}.Release|Any CPU.ActiveCfg = Release|Any CPU
		{516B28A1-2138-411B-AE86-992A9DBBE960}.Release|Any CPU.Build.0 = Release|Any CPU
	EndGlobalSection
	GlobalSection(SolutionProperties) = preSolution
		HideSolutionNode = FALSE
	EndGlobalSection
	GlobalSection(ExtensibilityGlobals) = postSolution
		SolutionGuid = {1D01E1C1-0B38-4B2A-AEA7-CD5CDDDA53B2}
	EndGlobalSection
EndGlobal
